
Microsoft Visual Studio Solution File, Format Version 11.00
# Visual Studio 2010
Project("{FAE04EC0-301F-11D3-BF4B-00C04F79EFBC}") = "4D", "Assembly-CSharp.csproj", "{F8151E27-9336-BC4E-F917-25AA5B247309}"
EndProject
Project("{FAE04EC0-301F-11D3-BF4B-00C04F79EFBC}") = "4D", "Assembly-CSharp-Editor.csproj", "{068D4A1C-7B19-A35C-92DC-6299425A2A80}"
EndProject
Global
	GlobalSection(SolutionConfigurationPlatforms) = preSolution
		Debug|Any CPU = Debug|Any CPU
		Release|Any CPU = Release|Any CPU
	EndGlobalSection
	GlobalSection(ProjectConfigurationPlatforms) = postSolution
		{F8151E27-9336-BC4E-F917-25AA5B247309}.Debug|Any CPU.ActiveCfg = Debug|Any CPU
		{F8151E27-9336-BC4E-F917-25AA5B247309}.Debug|Any CPU.Build.0 = Debug|Any CPU
		{F8151E27-9336-BC4E-F917-25AA5B247309}.Release|Any CPU.ActiveCfg = Release|Any CPU
		{F8151E27-9336-BC4E-F917-25AA5B247309}.Release|Any CPU.Build.0 = Release|Any CPU
		{068D4A1C-7B19-A35C-92DC-6299425A2A80}.Debug|Any CPU.ActiveCfg = Debug|Any CPU
		{068D4A1C-7B19-A35C-92DC-6299425A2A80}.Debug|Any CPU.Build.0 = Debug|Any CPU
		{068D4A1C-7B19-A35C-92DC-6299425A2A80}.Release|Any CPU.ActiveCfg = Release|Any CPU
		{068D4A1C-7B19-A35C-92DC-6299425A2A80}.Release|Any CPU.Build.0 = Release|Any CPU
	EndGlobalSection
	GlobalSection(SolutionProperties) = preSolution
		HideSolutionNode = FALSE
	EndGlobalSection
	GlobalSection(MonoDevelopProperties) = preSolution
		StartupItem = Assembly-CSharp.csproj
	EndGlobalSection
EndGlobal
